
Microsoft Visual Studio Solution File, Format Version 12.00
# Visual Studio 2012
Project("{FAE04EC0-301F-11D3-BF4B-00C04F79EFBC}") = "Tamagotchi", "Tamagotchi\Tamagotchi.csproj", "{E583C1FA-677A-4E7E-94DD-E9B6261FCFFD}"
EndProject
Global
	GlobalSection(SolutionConfigurationPlatforms) = preSolution
		Debug|Any CPU = Debug|Any CPU
		Release|Any CPU = Release|Any CPU
	EndGlobalSection
	GlobalSection(ProjectConfigurationPlatforms) = postSolution
		{E583C1FA-677A-4E7E-94DD-E9B6261FCFFD}.Debug|Any CPU.ActiveCfg = Debug|Any CPU
		{E583C1FA-677A-4E7E-94DD-E9B6261FCFFD}.Debug|Any CPU.Build.0 = Debug|Any CPU
		{E583C1FA-677A-4E7E-94DD-E9B6261FCFFD}.Release|Any CPU.ActiveCfg = Release|Any CPU
		{E583C1FA-677A-4E7E-94DD-E9B6261FCFFD}.Release|Any CPU.Build.0 = Release|Any CPU
	EndGlobalSection
EndGlobal
